
Microsoft Visual Studio Solution File, Format Version 12.00
# Visual Studio Version 16
VisualStudioVersion = 16.0.30804.86
MinimumVisualStudioVersion = 10.0.40219.1
Project("{FAE04EC0-301F-11D3-BF4B-00C04F79EFBC}") = "Projeto_teste", "Projeto_teste\Projeto_teste.csproj", "{B9CD40F9-2DE0-431B-8E2C-E5E70544A527}"
EndProject
Global
	GlobalSection(SolutionConfigurationPlatforms) = preSolution
		Debug|Any CPU = Debug|Any CPU
		Release|Any CPU = Release|Any CPU
	EndGlobalSection
	GlobalSection(ProjectConfigurationPlatforms) = postSolution
		{B9CD40F9-2DE0-431B-8E2C-E5E70544A527}.Debug|Any CPU.ActiveCfg = Debug|Any CPU
		{B9CD40F9-2DE0-431B-8E2C-E5E70544A527}.Debug|Any CPU.Build.0 = Debug|Any CPU
		{B9CD40F9-2DE0-431B-8E2C-E5E70544A527}.Release|Any CPU.ActiveCfg = Release|Any CPU
		{B9CD40F9-2DE0-431B-8E2C-E5E70544A527}.Release|Any CPU.Build.0 = Release|Any CPU
	EndGlobalSection
	GlobalSection(SolutionProperties) = preSolution
		HideSolutionNode = FALSE
	EndGlobalSection
	GlobalSection(ExtensibilityGlobals) = postSolution
		SolutionGuid = {02E741A4-E76B-4BE2-8539-3C7EFB9FCFAD}
	EndGlobalSection
EndGlobal
